<?xml version="1.0" encoding="utf-8"?>
<Project ToolsVersion="4.0" xmlns="http://schemas.microsoft.com/developer/msbuild/2003">
  <ItemGroup>
    <Filter Include="소스 파일">
      <UniqueIdentifier>{4FC737F1-C7A5-4376-A066-2A32D752A2FF}</UniqueIdentifier>
      <Extensions>cpp;c;cc;cxx;def;odl;idl;hpj;bat;asm;asmx</Extensions>
    </Filter>
    <Filter Include="헤더 파일">
      <UniqueIdentifier>{93995380-89BD-4b04-88EB-625FBE52EBFB}</UniqueIdentifier>
      <Extensions>h;hh;hpp;hxx;hm;inl;inc;xsd</Extensions>
    </Filter>
    <Filter Include="리소스 파일">
      <UniqueIdentifier>{67DA6AB6-F800-4c08-8B7A-83BB121AAD01}</UniqueIdentifier>
      <Extensions>rc;ico;cur;bmp;dlg;rc2;rct;bin;rgs;gif;jpg;jpeg;jpe;resx;tiff;tif;png;wav;mfcribbon-ms</Extensions>
    </Filter>
    <Filter Include="소스 파일\0625">
      <UniqueIdentifier>{befa0a43-54d1-47da-b8f9-98e741422d54}</UniqueIdentifier>
    </Filter>
    <Filter Include="소스 파일\0625_2">
      <UniqueIdentifier>{a4706232-deed-49ae-bc43-dceba5527a02}</UniqueIdentifier>
    </Filter>
    <Filter Include="소스 파일\0702">
      <UniqueIdentifier>{e0d9ae64-6850-4d8c-bcdb-d0f9e90becec}</UniqueIdentifier>
    </Filter>
    <Filter Include="소스 파일\0702_2">
      <UniqueIdentifier>{1d045dce-f181-4676-80a5-de95e06916d0}</UniqueIdentifier>
    </Filter>
    <Filter Include="소스 파일\0709">
      <UniqueIdentifier>{868959ca-d093-47bd-8ec4-2cff209a07ec}</UniqueIdentifier>
    </Filter>
    <Filter Include="소스 파일\0709_2">
      <UniqueIdentifier>{2acee192-6a0c-4d25-ac84-29209efed1a2}</UniqueIdentifier>
    </Filter>
    <Filter Include="소스 파일\0716">
      <UniqueIdentifier>{185b8d85-ac9c-4c5c-a147-eac5f96b4d5e}</UniqueIdentifier>
    </Filter>
    <Filter Include="소스 파일\0716_2">
      <UniqueIdentifier>{0524df5b-1d44-4cf6-8d35-2d3fcb7fcbca}</UniqueIdentifier>
    </Filter>
    <Filter Include="소스 파일\0723">
      <UniqueIdentifier>{9b307ea0-2be3-4875-9216-ea494f08767e}</UniqueIdentifier>
    </Filter>
    <Filter Include="소스 파일\0730">
      <UniqueIdentifier>{3bfde001-b73b-43b4-a418-89d2a86aca07}</UniqueIdentifier>
    </Filter>
    <Filter Include="소스 파일\0820">
      <UniqueIdentifier>{82d6c501-c54a-4036-9a0f-1e575811e9cf}</UniqueIdentifier>
    </Filter>
    <Filter Include="소스 파일\0830">
      <UniqueIdentifier>{77fb687e-2a98-472b-a569-1c84d592d401}</UniqueIdentifier>
    </Filter>
    <Filter Include="소스 파일\0902">
      <UniqueIdentifier>{254d87d0-7fc4-4550-ab6d-0cc743303a51}</UniqueIdentifier>
    </Filter>
    <Filter Include="소스 파일\0903">
      <UniqueIdentifier>{ea1b18c0-c1ee-427e-8405-f040a8227ccb}</UniqueIdentifier>
    </Filter>
    <Filter Include="소스 파일\0910">
      <UniqueIdentifier>{9d31dd7d-b6c9-4d27-940e-7ef6847b3618}</UniqueIdentifier>
    </Filter>
    <Filter Include="소스 파일\0911">
      <UniqueIdentifier>{a99f8842-138a-417f-9103-11557d526ae2}</UniqueIdentifier>
    </Filter>
    <Filter Include="소스 파일\0914">
      <UniqueIdentifier>{cb721ff0-637c-4d3b-bf96-56c96b89e507}</UniqueIdentifier>
    </Filter>
    <Filter Include="소스 파일\0916">
      <UniqueIdentifier>{da34b8e3-714f-4df3-8cc2-97367fcdb71d}</UniqueIdentifier>
    </Filter>
    <Filter Include="소스 파일\0917">
      <UniqueIdentifier>{020d3f93-2083-4a30-a546-430e6bafe651}</UniqueIdentifier>
    </Filter>
    <Filter Include="소스 파일\0920">
      <UniqueIdentifier>{541845f0-5b7c-4fd9-b567-d08884e5eb7f}</UniqueIdentifier>
    </Filter>
    <Filter Include="소스 파일\0924">
      <UniqueIdentifier>{bda7a056-5dec-4a33-a052-452428151237}</UniqueIdentifier>
    </Filter>
    <Filter Include="소스 파일\0927">
      <UniqueIdentifier>{82b43171-b63f-45cf-b96a-1c98c28c1bc4}</UniqueIdentifier>
    </Filter>
  </ItemGroup>
  <ItemGroup>
    <ClCompile Include="p_2178.cpp">
      <Filter>소스 파일\0625</Filter>
    </ClCompile>
    <ClCompile Include="p_1158.cpp">
      <Filter>소스 파일\0625</Filter>
    </ClCompile>
    <ClCompile Include="p_1991.cpp">
      <Filter>소스 파일\0625</Filter>
    </ClCompile>
    <ClCompile Include="p_9012.cpp">
      <Filter>소스 파일\0625</Filter>
    </ClCompile>
    <ClCompile Include="p_10799.cpp">
      <Filter>소스 파일\0625_2</Filter>
    </ClCompile>
    <ClCompile Include="p_2504.cpp">
      <Filter>소스 파일\0625</Filter>
    </ClCompile>
    <ClCompile Include="p_1715.cpp">
      <Filter>소스 파일\0625_2</Filter>
    </ClCompile>
    <ClCompile Include="p_11651.cpp">
      <Filter>소스 파일\0702</Filter>
    </ClCompile>
    <ClCompile Include="p_11650.cpp">
      <Filter>소스 파일\0702</Filter>
    </ClCompile>
    <ClCompile Include="p_2751.cpp">
      <Filter>소스 파일\0702</Filter>
    </ClCompile>
    <ClCompile Include="p_10989.cpp">
      <Filter>소스 파일\0702</Filter>
    </ClCompile>
    <ClCompile Include="p_7562.cpp">
      <Filter>소스 파일\0702</Filter>
    </ClCompile>
    <ClCompile Include="p_1026.cpp">
      <Filter>소스 파일\0702</Filter>
    </ClCompile>
    <ClCompile Include="p_10819.cpp">
      <Filter>소스 파일\0702_2</Filter>
    </ClCompile>
    <ClCompile Include="p_11004.cpp">
      <Filter>소스 파일\0702_2</Filter>
    </ClCompile>
    <ClCompile Include="p_11444.cpp">
      <Filter>소스 파일\0709</Filter>
    </ClCompile>
    <ClCompile Include="p_1654.cpp">
      <Filter>소스 파일\0709</Filter>
    </ClCompile>
    <ClCompile Include="p_2110.cpp">
      <Filter>소스 파일\0709</Filter>
    </ClCompile>
    <ClCompile Include="p_1476.cpp">
      <Filter>소스 파일\0709</Filter>
    </ClCompile>
    <ClCompile Include="p_1107.cpp">
      <Filter>소스 파일\0709_2</Filter>
    </ClCompile>
    <ClCompile Include="p_1759.cpp">
      <Filter>소스 파일\0709_2</Filter>
    </ClCompile>
    <ClCompile Include="p_1697.cpp">
      <Filter>소스 파일\0709</Filter>
    </ClCompile>
    <ClCompile Include="p_1463.cpp">
      <Filter>소스 파일\0716</Filter>
    </ClCompile>
    <ClCompile Include="p_9095.cpp">
      <Filter>소스 파일\0716</Filter>
    </ClCompile>
    <ClCompile Include="p_11052.cpp">
      <Filter>소스 파일\0716</Filter>
    </ClCompile>
    <ClCompile Include="p_2747.cpp">
      <Filter>소스 파일\0716</Filter>
    </ClCompile>
    <ClCompile Include="p_11726.cpp">
      <Filter>소스 파일\0716</Filter>
    </ClCompile>
    <ClCompile Include="p_11727.cpp">
      <Filter>소스 파일\0716_2</Filter>
    </ClCompile>
    <ClCompile Include="p_11057.cpp">
      <Filter>소스 파일\0716_2</Filter>
    </ClCompile>
    <ClCompile Include="p_2193.cpp">
      <Filter>소스 파일\0716</Filter>
    </ClCompile>
    <ClCompile Include="p_2579.cpp">
      <Filter>소스 파일\0716_2</Filter>
    </ClCompile>
    <ClCompile Include="p_2805.cpp">
      <Filter>소스 파일\0709</Filter>
    </ClCompile>
    <ClCompile Include="p_10942.cpp">
      <Filter>소스 파일\0723</Filter>
    </ClCompile>
    <ClCompile Include="p_2293.cpp">
      <Filter>소스 파일\0723</Filter>
    </ClCompile>
    <ClCompile Include="p_2294.cpp">
      <Filter>소스 파일\0723</Filter>
    </ClCompile>
    <ClCompile Include="p_2294_2.cpp">
      <Filter>소스 파일\0723</Filter>
    </ClCompile>
    <ClCompile Include="p_10835.cpp">
      <Filter>소스 파일\0723</Filter>
    </ClCompile>
    <ClCompile Include="p_11048.cpp">
      <Filter>소스 파일\0723</Filter>
    </ClCompile>
    <ClCompile Include="p_1520.cpp">
      <Filter>소스 파일\0723</Filter>
    </ClCompile>
    <ClCompile Include="p_1260.cpp">
      <Filter>소스 파일\0730</Filter>
    </ClCompile>
    <ClCompile Include="p_10451.cpp">
      <Filter>소스 파일\0730</Filter>
    </ClCompile>
    <ClCompile Include="p_1922.cpp">
      <Filter>소스 파일\0730</Filter>
    </ClCompile>
    <ClCompile Include="p_1916.cpp">
      <Filter>소스 파일\0730</Filter>
    </ClCompile>
    <ClCompile Include="p_11403.cpp">
      <Filter>소스 파일\0730</Filter>
    </ClCompile>
    <ClCompile Include="p_1916_2.cpp">
      <Filter>소스 파일\0730</Filter>
    </ClCompile>
    <ClCompile Include="p_1922_2.cpp">
      <Filter>소스 파일\0730</Filter>
    </ClCompile>
    <ClCompile Include="p_10868.cpp">
      <Filter>소스 파일\0820</Filter>
    </ClCompile>
    <ClCompile Include="p_2357.cpp">
      <Filter>소스 파일\0820</Filter>
    </ClCompile>
    <ClCompile Include="p_2042.cpp">
      <Filter>소스 파일\0820</Filter>
    </ClCompile>
    <ClCompile Include="p_10999.cpp">
      <Filter>소스 파일\0820</Filter>
    </ClCompile>
    <ClCompile Include="p_2042%28Fenwick_Tree%29.cpp">
      <Filter>소스 파일\0820</Filter>
    </ClCompile>
    <ClCompile Include="p_2530.cpp">
      <Filter>소스 파일\0820</Filter>
    </ClCompile>
    <ClCompile Include="p_1826.cpp">
      <Filter>소스 파일\0820</Filter>
    </ClCompile>
    <ClCompile Include="p_11070.cpp">
      <Filter>소스 파일\0830</Filter>
    </ClCompile>
    <ClCompile Include="p_11067.cpp">
      <Filter>소스 파일\0830</Filter>
    </ClCompile>
    <ClCompile Include="p_11068.cpp">
      <Filter>소스 파일\0830</Filter>
    </ClCompile>
    <ClCompile Include="p_10254_error.cpp">
      <Filter>소스 파일\0902</Filter>
    </ClCompile>
    <ClCompile Include="p_10254.cpp">
      <Filter>소스 파일\0902</Filter>
    </ClCompile>
    <ClCompile Include="p_10253.cpp">
      <Filter>소스 파일\0902</Filter>
    </ClCompile>
    <ClCompile Include="p_10252.cpp">
      <Filter>소스 파일\0902</Filter>
    </ClCompile>
    <ClCompile Include="p_3758.cpp">
      <Filter>소스 파일\0903</Filter>
    </ClCompile>
    <ClCompile Include="p_7662.cpp">
      <Filter>소스 파일\0903</Filter>
    </ClCompile>
    <ClCompile Include="p_9007.cpp">
      <Filter>소스 파일\0910</Filter>
    </ClCompile>
    <ClCompile Include="p_9009.cpp">
      <Filter>소스 파일\0910</Filter>
    </ClCompile>
    <ClCompile Include="p_9011.cpp">
      <Filter>소스 파일\0910</Filter>
    </ClCompile>
    <ClCompile Include="p_11652.cpp">
      <Filter>소스 파일\0910</Filter>
    </ClCompile>
    <ClCompile Include="p_13199.cpp">
      <Filter>소스 파일\0911</Filter>
    </ClCompile>
    <ClCompile Include="p_13206.cpp">
      <Filter>소스 파일\0911</Filter>
    </ClCompile>
    <ClCompile Include="p_9020.cpp">
      <Filter>소스 파일\0916</Filter>
    </ClCompile>
    <ClCompile Include="p_9019.cpp">
      <Filter>소스 파일\0916</Filter>
    </ClCompile>
    <ClCompile Include="p_2482.cpp">
      <Filter>소스 파일\0916</Filter>
    </ClCompile>
    <ClCompile Include="p_10937.cpp">
      <Filter>소스 파일\0916</Filter>
    </ClCompile>
    <ClCompile Include="p_3300_error.cpp">
      <Filter>소스 파일\0914</Filter>
    </ClCompile>
    <ClCompile Include="p_2662.cpp">
      <Filter>소스 파일\0917</Filter>
    </ClCompile>
    <ClCompile Include="p_1431.cpp">
      <Filter>소스 파일\0917</Filter>
    </ClCompile>
    <ClCompile Include="p_11047.cpp">
      <Filter>소스 파일\0917</Filter>
    </ClCompile>
    <ClCompile Include="p_10973.cpp">
      <Filter>소스 파일\0917</Filter>
    </ClCompile>
    <ClCompile Include="p_4344.cpp">
      <Filter>소스 파일\0917</Filter>
    </ClCompile>
    <ClCompile Include="p_10825.cpp">
      <Filter>소스 파일\0917</Filter>
    </ClCompile>
    <ClCompile Include="p_10821.cpp">
      <Filter>소스 파일\0917</Filter>
    </ClCompile>
    <ClCompile Include="p_9037.cpp">
      <Filter>소스 파일\0920</Filter>
    </ClCompile>
    <ClCompile Include="p_1700.cpp">
      <Filter>소스 파일\0920</Filter>
    </ClCompile>
    <ClCompile Include="p_11501.cpp">
      <Filter>소스 파일\0924</Filter>
    </ClCompile>
    <ClCompile Include="p_11066.cpp">
      <Filter>소스 파일\0924</Filter>
    </ClCompile>
    <ClCompile Include="p_11502.cpp">
      <Filter>소스 파일\0924</Filter>
    </ClCompile>
    <ClCompile Include="p_11497.cpp">
      <Filter>소스 파일\0924</Filter>
    </ClCompile>
    <ClCompile Include="p_11504.cpp">
      <Filter>소스 파일\0924</Filter>
    </ClCompile>
    <ClCompile Include="p_2281.cpp">
      <Filter>소스 파일\0927</Filter>
    </ClCompile>
    <ClCompile Include="p_2616.cpp">
      <Filter>소스 파일\0927</Filter>
    </ClCompile>
  </ItemGroup>
  <ItemGroup>
    <ClInclude Include="MinMaxHeap.h">
      <Filter>소스 파일\0903</Filter>
    </ClInclude>
  </ItemGroup>
  <ItemGroup>
    <Text Include="..\..\..\..\..\Desktop\C++초기설정.txt">
      <Filter>리소스 파일</Filter>
    </Text>
  </ItemGroup>
</Project>